
Microsoft Visual Studio Solution File, Format Version 12.00
# Visual Studio Version 16
VisualStudioVersion = 16.0.29209.62
MinimumVisualStudioVersion = 10.0.40219.1
Project("{9A19103F-16F7-4668-BE54-9A1E7A4F7556}") = "PetShop.ConsoleApp", "PetShop.UI.CLI\PetShop.ConsoleApp.csproj", "{79BADA6D-DF0E-4060-A846-9545E3CDDDBB}"
EndProject
Project("{9A19103F-16F7-4668-BE54-9A1E7A4F7556}") = "PetShop.Core", "PetShop.Core\PetShop.Core.csproj", "{9B0E3742-CBB4-49E6-970F-64DD154EA095}"
EndProject
Project("{9A19103F-16F7-4668-BE54-9A1E7A4F7556}") = "PetShop.Core.Entity", "PetShop.Core.Entity\PetShop.Core.Entity.csproj", "{F8CB78AA-125C-4E8C-AF59-DF3481DD4826}"
EndProject
Project("{9A19103F-16F7-4668-BE54-9A1E7A4F7556}") = "PetShop.Infrastructure.Data", "PetShop.Infrastructure.Data\PetShop.Infrastructure.Data.csproj", "{27E99C46-2819-47D6-B04B-F85E3CDC971B}"
EndProject
Project("{2150E333-8FDC-42A3-9474-1A3956D46DE8}") = "Core", "Core", "{833EFAB7-80FE-45FA-A9FD-659C7A985FC5}"
EndProject
Project("{2150E333-8FDC-42A3-9474-1A3956D46DE8}") = "Infrastructure", "Infrastructure", "{E79CA7DC-6500-42C8-84DB-7F81C27734D0}"
EndProject
Project("{2150E333-8FDC-42A3-9474-1A3956D46DE8}") = "UI", "UI", "{147E7054-5F99-43A6-A4E2-408D31ECF9C7}"
EndProject
Project("{9A19103F-16F7-4668-BE54-9A1E7A4F7556}") = "PetShop.UI.Rest", "PetShop.UI.Rest\PetShop.UI.Rest.csproj", "{11423B19-4B99-4169-90D0-BAF9BB431860}"
EndProject
Project("{FAE04EC0-301F-11D3-BF4B-00C04F79EFBC}") = "PetShop.Infrastucture.SQLData", "PetShop.Infrastucture.SQLData\PetShop.Infrastucture.SQLData.csproj", "{3B0BF1EC-D993-457B-8B09-601AA6683179}"
EndProject
Global
	GlobalSection(SolutionConfigurationPlatforms) = preSolution
		Debug|Any CPU = Debug|Any CPU
		Release|Any CPU = Release|Any CPU
	EndGlobalSection
	GlobalSection(ProjectConfigurationPlatforms) = postSolution
		{79BADA6D-DF0E-4060-A846-9545E3CDDDBB}.Debug|Any CPU.ActiveCfg = Debug|Any CPU
		{79BADA6D-DF0E-4060-A846-9545E3CDDDBB}.Debug|Any CPU.Build.0 = Debug|Any CPU
		{79BADA6D-DF0E-4060-A846-9545E3CDDDBB}.Release|Any CPU.ActiveCfg = Release|Any CPU
		{79BADA6D-DF0E-4060-A846-9545E3CDDDBB}.Release|Any CPU.Build.0 = Release|Any CPU
		{9B0E3742-CBB4-49E6-970F-64DD154EA095}.Debug|Any CPU.ActiveCfg = Debug|Any CPU
		{9B0E3742-CBB4-49E6-970F-64DD154EA095}.Debug|Any CPU.Build.0 = Debug|Any CPU
		{9B0E3742-CBB4-49E6-970F-64DD154EA095}.Release|Any CPU.ActiveCfg = Release|Any CPU
		{9B0E3742-CBB4-49E6-970F-64DD154EA095}.Release|Any CPU.Build.0 = Release|Any CPU
		{F8CB78AA-125C-4E8C-AF59-DF3481DD4826}.Debug|Any CPU.ActiveCfg = Debug|Any CPU
		{F8CB78AA-125C-4E8C-AF59-DF3481DD4826}.Debug|Any CPU.Build.0 = Debug|Any CPU
		{F8CB78AA-125C-4E8C-AF59-DF3481DD4826}.Release|Any CPU.ActiveCfg = Release|Any CPU
		{F8CB78AA-125C-4E8C-AF59-DF3481DD4826}.Release|Any CPU.Build.0 = Release|Any CPU
		{27E99C46-2819-47D6-B04B-F85E3CDC971B}.Debug|Any CPU.ActiveCfg = Debug|Any CPU
		{27E99C46-2819-47D6-B04B-F85E3CDC971B}.Debug|Any CPU.Build.0 = Debug|Any CPU
		{27E99C46-2819-47D6-B04B-F85E3CDC971B}.Release|Any CPU.ActiveCfg = Release|Any CPU
		{27E99C46-2819-47D6-B04B-F85E3CDC971B}.Release|Any CPU.Build.0 = Release|Any CPU
		{11423B19-4B99-4169-90D0-BAF9BB431860}.Debug|Any CPU.ActiveCfg = Debug|Any CPU
		{11423B19-4B99-4169-90D0-BAF9BB431860}.Debug|Any CPU.Build.0 = Debug|Any CPU
		{11423B19-4B99-4169-90D0-BAF9BB431860}.Release|Any CPU.ActiveCfg = Release|Any CPU
		{11423B19-4B99-4169-90D0-BAF9BB431860}.Release|Any CPU.Build.0 = Release|Any CPU
		{3B0BF1EC-D993-457B-8B09-601AA6683179}.Debug|Any CPU.ActiveCfg = Debug|Any CPU
		{3B0BF1EC-D993-457B-8B09-601AA6683179}.Debug|Any CPU.Build.0 = Debug|Any CPU
		{3B0BF1EC-D993-457B-8B09-601AA6683179}.Release|Any CPU.ActiveCfg = Release|Any CPU
		{3B0BF1EC-D993-457B-8B09-601AA6683179}.Release|Any CPU.Build.0 = Release|Any CPU
	EndGlobalSection
	GlobalSection(SolutionProperties) = preSolution
		HideSolutionNode = FALSE
	EndGlobalSection
	GlobalSection(NestedProjects) = preSolution
		{79BADA6D-DF0E-4060-A846-9545E3CDDDBB} = {147E7054-5F99-43A6-A4E2-408D31ECF9C7}
		{9B0E3742-CBB4-49E6-970F-64DD154EA095} = {833EFAB7-80FE-45FA-A9FD-659C7A985FC5}
		{F8CB78AA-125C-4E8C-AF59-DF3481DD4826} = {833EFAB7-80FE-45FA-A9FD-659C7A985FC5}
		{27E99C46-2819-47D6-B04B-F85E3CDC971B} = {E79CA7DC-6500-42C8-84DB-7F81C27734D0}
		{11423B19-4B99-4169-90D0-BAF9BB431860} = {147E7054-5F99-43A6-A4E2-408D31ECF9C7}
		{3B0BF1EC-D993-457B-8B09-601AA6683179} = {E79CA7DC-6500-42C8-84DB-7F81C27734D0}
	EndGlobalSection
	GlobalSection(ExtensibilityGlobals) = postSolution
		SolutionGuid = {71D36667-9086-41D0-B530-2D7920A0D7EB}
	EndGlobalSection
EndGlobal
